
Microsoft Visual Studio Solution File, Format Version 12.00
# Visual Studio Version 17
VisualStudioVersion = 17.6.33815.320
MinimumVisualStudioVersion = 10.0.40219.1
Project("{9A19103F-16F7-4668-BE54-9A1E7A4F7556}") = "WebView", "WebView\WebView.csproj", "{DB663DDB-1A20-4D52-90EF-F2769BE5680B}"
EndProject
Project("{9A19103F-16F7-4668-BE54-9A1E7A4F7556}") = "DataAccess", "DataAccess\DataAccess.csproj", "{27A49A6F-082D-4A5A-B072-6EA6BDE29782}"
EndProject
Project("{9A19103F-16F7-4668-BE54-9A1E7A4F7556}") = "BusinessLogic", "BusinessLogic\BusinessLogic.csproj", "{886FF406-9EFB-450C-A571-BA094B460D76}"
EndProject
Global
	GlobalSection(SolutionConfigurationPlatforms) = preSolution
		Debug|Any CPU = Debug|Any CPU
		Release|Any CPU = Release|Any CPU
	EndGlobalSection
	GlobalSection(ProjectConfigurationPlatforms) = postSolution
		{DB663DDB-1A20-4D52-90EF-F2769BE5680B}.Debug|Any CPU.ActiveCfg = Debug|Any CPU
		{DB663DDB-1A20-4D52-90EF-F2769BE5680B}.Debug|Any CPU.Build.0 = Debug|Any CPU
		{DB663DDB-1A20-4D52-90EF-F2769BE5680B}.Release|Any CPU.ActiveCfg = Release|Any CPU
		{DB663DDB-1A20-4D52-90EF-F2769BE5680B}.Release|Any CPU.Build.0 = Release|Any CPU
		{27A49A6F-082D-4A5A-B072-6EA6BDE29782}.Debug|Any CPU.ActiveCfg = Debug|Any CPU
		{27A49A6F-082D-4A5A-B072-6EA6BDE29782}.Debug|Any CPU.Build.0 = Debug|Any CPU
		{27A49A6F-082D-4A5A-B072-6EA6BDE29782}.Release|Any CPU.ActiveCfg = Release|Any CPU
		{27A49A6F-082D-4A5A-B072-6EA6BDE29782}.Release|Any CPU.Build.0 = Release|Any CPU
		{886FF406-9EFB-450C-A571-BA094B460D76}.Debug|Any CPU.ActiveCfg = Debug|Any CPU
		{886FF406-9EFB-450C-A571-BA094B460D76}.Debug|Any CPU.Build.0 = Debug|Any CPU
		{886FF406-9EFB-450C-A571-BA094B460D76}.Release|Any CPU.ActiveCfg = Release|Any CPU
		{886FF406-9EFB-450C-A571-BA094B460D76}.Release|Any CPU.Build.0 = Release|Any CPU
	EndGlobalSection
	GlobalSection(SolutionProperties) = preSolution
		HideSolutionNode = FALSE
	EndGlobalSection
	GlobalSection(ExtensibilityGlobals) = postSolution
		SolutionGuid = {6CC2BB62-FE7C-4B38-920E-5EF7DF9544FF}
	EndGlobalSection
EndGlobal
